// !$*UTF8*$!
{
	archiveVersion = 1;
	classes = {
	};
	objectVersion = 50;
	objects = {

/* Begin PBXBuildFile section */
		7717AFD220F779F7008FFDD9 /* AppDelegate.swift in Sources */ = {isa = PBXBuildFile; fileRef = 7717AFD120F779F7008FFDD9 /* AppDelegate.swift */; };
		7717AFD420F779F7008FFDD9 /* ViewController.swift in Sources */ = {isa = PBXBuildFile; fileRef = 7717AFD320F779F7008FFDD9 /* ViewController.swift */; };
		7717AFD720F779F7008FFDD9 /* Main.storyboard in Resources */ = {isa = PBXBuildFile; fileRef = 7717AFD520F779F7008FFDD9 /* Main.storyboard */; };
		7717AFD920F779F8008FFDD9 /* Assets.xcassets in Resources */ = {isa = PBXBuildFile; fileRef = 7717AFD820F779F8008FFDD9 /* Assets.xcassets */; };
		7717AFDC20F779F8008FFDD9 /* LaunchScreen.storyboard in Resources */ = {isa = PBXBuildFile; fileRef = 7717AFDA20F779F8008FFDD9 /* LaunchScreen.storyboard */; };
		7717AFE720F779F8008FFDD9 /* UISeniorControlTests.swift in Sources */ = {isa = PBXBuildFile; fileRef = 7717AFE620F779F8008FFDD9 /* UISeniorControlTests.swift */; };
		7717AFF220F779F8008FFDD9 /* UISeniorControlUITests.swift in Sources */ = {isa = PBXBuildFile; fileRef = 7717AFF120F779F8008FFDD9 /* UISeniorControlUITests.swift */; };
/* End PBXBuildFile section */

/* Begin PBXContainerItemProxy section */
		7717AFE320F779F8008FFDD9 /* PBXContainerItemProxy */ = {
			isa = PBXContainerItemProxy;
			containerPortal = 7717AFC620F779F7008FFDD9 /* Project object */;
			proxyType = 1;
			remoteGlobalIDString = 7717AFCD20F779F7008FFDD9;
			remoteInfo = UISeniorControl;
		};
		7717AFEE20F779F8008FFDD9 /* PBXContainerItemProxy */ = {
			isa = PBXContainerItemProxy;
			containerPortal = 7717AFC620F779F7008FFDD9 /* Project object */;
			proxyType = 1;
			remoteGlobalIDString = 7717AFCD20F779F7008FFDD9;
			remoteInfo = UISeniorControl;
		};
/* End PBXContainerItemProxy section */

/* Begin PBXFileReference section */
		7717AFCE20F779F7008FFDD9 /* UISeniorControl.app */ = {isa = PBXFileReference; explicitFileType = wrapper.application; includeInIndex = 0; path = UISeniorControl.app; sourceTree = BUILT_PRODUCTS_DIR; };
		7717AFD120F779F7008FFDD9 /* AppDelegate.swift */ = {isa = PBXFileReference; lastKnownFileType = sourcecode.swift; path = AppDelegate.swift; sourceTree = "<group>"; };
		7717AFD320F779F7008FFDD9 /* ViewController.swift */ = {isa = PBXFileReference; lastKnownFileType = sourcecode.swift; path = ViewController.swift; sourceTree = "<group>"; };
		7717AFD620F779F7008FFDD9 /* Base */ = {isa = PBXFileReference; lastKnownFileType = file.storyboard; name = Base; path = Base.lproj/Main.storyboard; sourceTree = "<group>"; };
		7717AFD820F779F8008FFDD9 /* Assets.xcassets */ = {isa = PBXFileReference; lastKnownFileType = folder.assetcatalog; path = Assets.xcassets; sourceTree = "<group>"; };
		7717AFDB20F779F8008FFDD9 /* Base */ = {isa = PBXFileReference; lastKnownFileType = file.storyboard; name = Base; path = Base.lproj/LaunchScreen.storyboard; sourceTree = "<group>"; };
		7717AFDD20F779F8008FFDD9 /* Info.plist */ = {isa = PBXFileReference; lastKnownFileType = text.plist.xml; path = Info.plist; sourceTree = "<group>"; };
		7717AFE220F779F8008FFDD9 /* UISeniorControlTests.xctest */ = {isa = PBXFileReference; explicitFileType = wrapper.cfbundle; includeInIndex = 0; path = UISeniorControlTests.xctest; sourceTree = BUILT_PRODUCTS_DIR; };
		7717AFE620F779F8008FFDD9 /* UISeniorControlTests.swift */ = {isa = PBXFileReference; lastKnownFileType = sourcecode.swift; path = UISeniorControlTests.swift; sourceTree = "<group>"; };
		7717AFE820F779F8008FFDD9 /* Info.plist */ = {isa = PBXFileReference; lastKnownFileType = text.plist.xml; path = Info.plist; sourceTree = "<group>"; };
		7717AFED20F779F8008FFDD9 /* UISeniorControlUITests.xctest */ = {isa = PBXFileReference; explicitFileType = wrapper.cfbundle; includeInIndex = 0; path = UISeniorControlUITests.xctest; sourceTree = BUILT_PRODUCTS_DIR; };
		7717AFF120F779F8008FFDD9 /* UISeniorControlUITests.swift */ = {isa = PBXFileReference; lastKnownFileType = sourcecode.swift; path = UISeniorControlUITests.swift; sourceTree = "<group>"; };
		7717AFF320F779F8008FFDD9 /* Info.plist */ = {isa = PBXFileReference; lastKnownFileType = text.plist.xml; path = Info.plist; sourceTree = "<group>"; };
/* End PBXFileReference section */

/* Begin PBXFrameworksBuildPhase section */
		7717AFCB20F779F7008FFDD9 /* Frameworks */ = {
			isa = PBXFrameworksBuildPhase;
			buildActionMask = 2147483647;
			files = (
			);
			runOnlyForDeploymentPostprocessing = 0;
		};
		7717AFDF20F779F8008FFDD9 /* Frameworks */ = {
			isa = PBXFrameworksBuildPhase;
			buildActionMask = 2147483647;
			files = (
			);
			runOnlyForDeploymentPostprocessing = 0;
		};
		7717AFEA20F779F8008FFDD9 /* Frameworks */ = {
			isa = PBXFrameworksBuildPhase;
			buildActionMask = 2147483647;
			files = (
			);
			runOnlyForDeploymentPostprocessing = 0;
		};
/* End PBXFrameworksBuildPhase section */

/* Begin PBXGroup section */
		7717AFC520F779F7008FFDD9 = {
			isa = PBXGroup;
			children = (
				7717AFD020F779F7008FFDD9 /* UISeniorControl */,
				7717AFE520F779F8008FFDD9 /* UISeniorControlTests */,
				7717AFF020F779F8008FFDD9 /* UISeniorControlUITests */,
				7717AFCF20F779F7008FFDD9 /* Products */,
			);
			sourceTree = "<group>";
		};
		7717AFCF20F779F7008FFDD9 /* Products */ = {
			isa = PBXGroup;
			children = (
				7717AFCE20F779F7008FFDD9 /* UISeniorControl.app */,
				7717AFE220F779F8008FFDD9 /* UISeniorControlTests.xctest */,
				7717AFED20F779F8008FFDD9 /* UISeniorControlUITests.xctest */,
			);
			name = Products;
			sourceTree = "<group>";
		};
		7717AFD020F779F7008FFDD9 /* UISeniorControl */ = {
			isa = PBXGroup;
			children = (
				7717AFD120F779F7008FFDD9 /* AppDelegate.swift */,
				7717AFD320F779F7008FFDD9 /* ViewController.swift */,
				7717AFD520F779F7008FFDD9 /* Main.storyboard */,
				7717AFD820F779F8008FFDD9 /* Assets.xcassets */,
				7717AFDA20F779F8008FFDD9 /* LaunchScreen.storyboard */,
				7717AFDD20F779F8008FFDD9 /* Info.plist */,
			);
			path = UISeniorControl;
			sourceTree = "<group>";
		};
		7717AFE520F779F8008FFDD9 /* UISeniorControlTests */ = {
			isa = PBXGroup;
			children = (
				7717AFE620F779F8008FFDD9 /* UISeniorControlTests.swift */,
				7717AFE820F779F8008FFDD9 /* Info.plist */,
			);
			path = UISeniorControlTests;
			sourceTree = "<group>";
		};
		7717AFF020F779F8008FFDD9 /* UISeniorControlUITests */ = {
			isa = PBXGroup;
			children = (
				7717AFF120F779F8008FFDD9 /* UISeniorControlUITests.swift */,
				7717AFF320F779F8008FFDD9 /* Info.plist */,
			);
			path = UISeniorControlUITests;
			sourceTree = "<group>";
		};
/* End PBXGroup section */

/* Begin PBXNativeTarget section */
		7717AFCD20F779F7008FFDD9 /* UISeniorControl */ = {
			isa = PBXNativeTarget;
			buildConfigurationList = 7717AFF620F779F8008FFDD9 /* Build configuration list for PBXNativeTarget "UISeniorControl" */;
			buildPhases = (
				7717AFCA20F779F7008FFDD9 /* Sources */,
				7717AFCB20F779F7008FFDD9 /* Frameworks */,
				7717AFCC20F779F7008FFDD9 /* Resources */,
			);
			buildRules = (
			);
			dependencies = (
			);
			name = UISeniorControl;
			productName = UISeniorControl;
			productReference = 7717AFCE20F779F7008FFDD9 /* UISeniorControl.app */;
			productType = "com.apple.product-type.application";
		};
		7717AFE120F779F8008FFDD9 /* UISeniorControlTests */ = {
			isa = PBXNativeTarget;
			buildConfigurationList = 7717AFF920F779F8008FFDD9 /* Build configuration list for PBXNativeTarget "UISeniorControlTests" */;
			buildPhases = (
				7717AFDE20F779F8008FFDD9 /* Sources */,
				7717AFDF20F779F8008FFDD9 /* Frameworks */,
				7717AFE020F779F8008FFDD9 /* Resources */,
			);
			buildRules = (
			);
			dependencies = (
				7717AFE420F779F8008FFDD9 /* PBXTargetDependency */,
			);
			name = UISeniorControlTests;
			productName = UISeniorControlTests;
			productReference = 7717AFE220F779F8008FFDD9 /* UISeniorControlTests.xctest */;
			productType = "com.apple.product-type.bundle.unit-test";
		};
		7717AFEC20F779F8008FFDD9 /* UISeniorControlUITests */ = {
			isa = PBXNativeTarget;
			buildConfigurationList = 7717AFFC20F779F8008FFDD9 /* Build configuration list for PBXNativeTarget "UISeniorControlUITests" */;
			buildPhases = (
				7717AFE920F779F8008FFDD9 /* Sources */,
				7717AFEA20F779F8008FFDD9 /* Frameworks */,
				7717AFEB20F779F8008FFDD9 /* Resources */,
			);
			buildRules = (
			);
			dependencies = (
				7717AFEF20F779F8008FFDD9 /* PBXTargetDependency */,
			);
			name = UISeniorControlUITests;
			productName = UISeniorControlUITests;
			productReference = 7717AFED20F779F8008FFDD9 /* UISeniorControlUITests.xctest */;
			productType = "com.apple.product-type.bundle.ui-testing";
		};
/* End PBXNativeTarget section */

/* Begin PBXProject section */
		7717AFC620F779F7008FFDD9 /* Project object */ = {
			isa = PBXProject;
			attributes = {
				LastSwiftUpdateCheck = 0940;
				LastUpgradeCheck = 0940;
				ORGANIZATIONNAME = "张斌";
				TargetAttributes = {
					7717AFCD20F779F7008FFDD9 = {
						CreatedOnToolsVersion = 9.4.1;
					};
					7717AFE120F779F8008FFDD9 = {
						CreatedOnToolsVersion = 9.4.1;
						TestTargetID = 7717AFCD20F779F7008FFDD9;
					};
					7717AFEC20F779F8008FFDD9 = {
						CreatedOnToolsVersion = 9.4.1;
						TestTargetID = 7717AFCD20F779F7008FFDD9;
					};
				};
			};
			buildConfigurationList = 7717AFC920F779F7008FFDD9 /* Build configuration list for PBXProject "UISeniorControl" */;
			compatibilityVersion = "Xcode 9.3";
			developmentRegion = en;
			hasScannedForEncodings = 0;
			knownRegions = (
				en,
				Base,
			);
			mainGroup = 7717AFC520F779F7008FFDD9;
			productRefGroup = 7717AFCF20F779F7008FFDD9 /* Products */;
			projectDirPath = "";
			projectRoot = "";
			targets = (
				7717AFCD20F779F7008FFDD9 /* UISeniorControl */,
				7717AFE120F779F8008FFDD9 /* UISeniorControlTests */,
				7717AFEC20F779F8008FFDD9 /* UISeniorControlUITests */,
			);
		};
/* End PBXProject section */

/* Begin PBXResourcesBuildPhase section */
		7717AFCC20F779F7008FFDD9 /* Resources */ = {
			isa = PBXResourcesBuildPhase;
			buildActionMask = 2147483647;
			files = (
				7717AFDC20F779F8008FFDD9 /* LaunchScreen.storyboard in Resources */,
				7717AFD920F779F8008FFDD9 /* Assets.xcassets in Resources */,
				7717AFD720F779F7008FFDD9 /* Main.storyboard in Resources */,
			);
			runOnlyForDeploymentPostprocessing = 0;
		};
		7717AFE020F779F8008FFDD9 /* Resources */ = {
			isa = PBXResourcesBuildPhase;
			buildActionMask = 2147483647;
			files = (
			);
			runOnlyForDeploymentPostprocessing = 0;
		};
		7717AFEB20F779F8008FFDD9 /* Resources */ = {
			isa = PBXResourcesBuildPhase;
			buildActionMask = 2147483647;
			files = (
			);
			runOnlyForDeploymentPostprocessing = 0;
		};
/* End PBXResourcesBuildPhase section */

/* Begin PBXSourcesBuildPhase section */
		7717AFCA20F779F7008FFDD9 /* Sources */ = {
			isa = PBXSourcesBuildPhase;
			buildActionMask = 2147483647;
			files = (
				7717AFD420F779F7008FFDD9 /* ViewController.swift in Sources */,
				7717AFD220F779F7008FFDD9 /* AppDelegate.swift in Sources */,
			);
			runOnlyForDeploymentPostprocessing = 0;
		};
		7717AFDE20F779F8008FFDD9 /* Sources */ = {
			isa = PBXSourcesBuildPhase;
			buildActionMask = 2147483647;
			files = (
				7717AFE720F779F8008FFDD9 /* UISeniorControlTests.swift in Sources */,
			);
			runOnlyForDeploymentPostprocessing = 0;
		};
		7717AFE920F779F8008FFDD9 /* Sources */ = {
			isa = PBXSourcesBuildPhase;
			buildActionMask = 2147483647;
			files = (
				7717AFF220F779F8008FFDD9 /* UISeniorControlUITests.swift in Sources */,
			);
			runOnlyForDeploymentPostprocessing = 0;
		};
/* End PBXSourcesBuildPhase section */

/* Begin PBXTargetDependency section */
		7717AFE420F779F8008FFDD9 /* PBXTargetDependency */ = {
			isa = PBXTargetDependency;
			target = 7717AFCD20F779F7008FFDD9 /* UISeniorControl */;
			targetProxy = 7717AFE320F779F8008FFDD9 /* PBXContainerItemProxy */;
		};
		7717AFEF20F779F8008FFDD9 /* PBXTargetDependency */ = {
			isa = PBXTargetDependency;
			target = 7717AFCD20F779F7008FFDD9 /* UISeniorControl */;
			targetProxy = 7717AFEE20F779F8008FFDD9 /* PBXContainerItemProxy */;
		};
/* End PBXTargetDependency section */

/* Begin PBXVariantGroup section */
		7717AFD520F779F7008FFDD9 /* Main.storyboard */ = {
			isa = PBXVariantGroup;
			children = (
				7717AFD620F779F7008FFDD9 /* Base */,
			);
			name = Main.storyboard;
			sourceTree = "<group>";
		};
		7717AFDA20F779F8008FFDD9 /* LaunchScreen.storyboard */ = {
			isa = PBXVariantGroup;
			children = (
				7717AFDB20F779F8008FFDD9 /* Base */,
			);
			name = LaunchScreen.storyboard;
			sourceTree = "<group>";
		};
/* End PBXVariantGroup section */

/* Begin XCBuildConfiguration section */
		7717AFF420F779F8008FFDD9 /* Debug */ = {
			isa = XCBuildConfiguration;
			buildSettings = {
				ALWAYS_SEARCH_USER_PATHS = NO;
				CLANG_ANALYZER_NONNULL = YES;
				CLANG_ANALYZER_NUMBER_OBJECT_CONVERSION = YES_AGGRESSIVE;
				CLANG_CXX_LANGUAGE_STANDARD = "gnu++14";
				CLANG_CXX_LIBRARY = "libc++";
				CLANG_ENABLE_MODULES = YES;
				CLANG_ENABLE_OBJC_ARC = YES;
				CLANG_ENABLE_OBJC_WEAK = YES;
				CLANG_WARN_BLOCK_CAPTURE_AUTORELEASING = YES;
				CLANG_WARN_BOOL_CONVERSION = YES;
				CLANG_WARN_COMMA = YES;
				CLANG_WARN_CONSTANT_CONVERSION = YES;
				CLANG_WARN_DEPRECATED_OBJC_IMPLEMENTATIONS = YES;
				CLANG_WARN_DIRECT_OBJC_ISA_USAGE = YES_ERROR;
				CLANG_WARN_DOCUMENTATION_COMMENTS = YES;
				CLANG_WARN_EMPTY_BODY = YES;
				CLANG_WARN_ENUM_CONVERSION = YES;
				CLANG_WARN_INFINITE_RECURSION = YES;
				CLANG_WARN_INT_CONVERSION = YES;
				CLANG_WARN_NON_LITERAL_NULL_CONVERSION = YES;
				CLANG_WARN_OBJC_IMPLICIT_RETAIN_SELF = YES;
				CLANG_WARN_OBJC_LITERAL_CONVERSION = YES;
				CLANG_WARN_OBJC_ROOT_CLASS = YES_ERROR;
				CLANG_WARN_RANGE_LOOP_ANALYSIS = YES;
				CLANG_WARN_STRICT_PROTOTYPES = YES;
				CLANG_WARN_SUSPICIOUS_MOVE = YES;
				CLANG_WARN_UNGUARDED_AVAILABILITY = YES_AGGRESSIVE;
				CLANG_WARN_UNREACHABLE_CODE = YES;
				CLANG_WARN__DUPLICATE_METHOD_MATCH = YES;
				CODE_SIGN_IDENTITY = "iPhone Developer";
				COPY_PHASE_STRIP = NO;
				DEBUG_INFORMATION_FORMAT = dwarf;
				ENABLE_STRICT_OBJC_MSGSEND = YES;
				ENABLE_TESTABILITY = YES;
				GCC_C_LANGUAGE_STANDARD = gnu11;
				GCC_DYNAMIC_NO_PIC = NO;
				GCC_NO_COMMON_BLOCKS = YES;
				GCC_OPTIMIZATION_LEVEL = 0;
				GCC_PREPROCESSOR_DEFINITIONS = (
					"DEBUG=1",
					"$(inherited)",
				);
				GCC_WARN_64_TO_32_BIT_CONVERSION = YES;
				GCC_WARN_ABOUT_RETURN_TYPE = YES_ERROR;
				GCC_WARN_UNDECLARED_SELECTOR = YES;
				GCC_WARN_UNINITIALIZED_AUTOS = YES_AGGRESSIVE;
				GCC_WARN_UNUSED_FUNCTION = YES;
				GCC_WARN_UNUSED_VARIABLE = YES;
				IPHONEOS_DEPLOYMENT_TARGET = 11.4;
				MTL_ENABLE_DEBUG_INFO = YES;
				ONLY_ACTIVE_ARCH = YES;
				SDKROOT = iphoneos;
				SWIFT_ACTIVE_COMPILATION_CONDITIONS = DEBUG;
				SWIFT_OPTIMIZATION_LEVEL = "-Onone";
			};
			name = Debug;
		};
		7717AFF520F779F8008FFDD9 /* Release */ = {
			isa = XCBuildConfiguration;
			buildSettings = {
				ALWAYS_SEARCH_USER_PATHS = NO;
				CLANG_ANALYZER_NONNULL = YES;
				CLANG_ANALYZER_NUMBER_OBJECT_CONVERSION = YES_AGGRESSIVE;
				CLANG_CXX_LANGUAGE_STANDARD = "gnu++14";
				CLANG_CXX_LIBRARY = "libc++";
				CLANG_ENABLE_MODULES = YES;
				CLANG_ENABLE_OBJC_ARC = YES;
				CLANG_ENABLE_OBJC_WEAK = YES;
				CLANG_WARN_BLOCK_CAPTURE_AUTORELEASING = YES;
				CLANG_WARN_BOOL_CONVERSION = YES;
				CLANG_WARN_COMMA = YES;
				CLANG_WARN_CONSTANT_CONVERSION = YES;
				CLANG_WARN_DEPRECATED_OBJC_IMPLEMENTATIONS = YES;
				CLANG_WARN_DIRECT_OBJC_ISA_USAGE = YES_ERROR;
				CLANG_WARN_DOCUMENTATION_COMMENTS = YES;
				CLANG_WARN_EMPTY_BODY = YES;
				CLANG_WARN_ENUM_CONVERSION = YES;
				CLANG_WARN_INFINITE_RECURSION = YES;
				CLANG_WARN_INT_CONVERSION = YES;
				CLANG_WARN_NON_LITERAL_NULL_CONVERSION = YES;
				CLANG_WARN_OBJC_IMPLICIT_RETAIN_SELF = YES;
				CLANG_WARN_OBJC_LITERAL_CONVERSION = YES;
				CLANG_WARN_OBJC_ROOT_CLASS = YES_ERROR;
				CLANG_WARN_RANGE_LOOP_ANALYSIS = YES;
				CLANG_WARN_STRICT_PROTOTYPES = YES;
				CLANG_WARN_SUSPICIOUS_MOVE = YES;
				CLANG_WARN_UNGUARDED_AVAILABILITY = YES_AGGRESSIVE;
				CLANG_WARN_UNREACHABLE_CODE = YES;
				CLANG_WARN__DUPLICATE_METHOD_MATCH = YES;
				CODE_SIGN_IDENTITY = "iPhone Developer";
				COPY_PHASE_STRIP = NO;
				DEBUG_INFORMATION_FORMAT = "dwarf-with-dsym";
				ENABLE_NS_ASSERTIONS = NO;
				ENABLE_STRICT_OBJC_MSGSEND = YES;
				GCC_C_LANGUAGE_STANDARD = gnu11;
				GCC_NO_COMMON_BLOCKS = YES;
				GCC_WARN_64_TO_32_BIT_CONVERSION = YES;
				GCC_WARN_ABOUT_RETURN_TYPE = YES_ERROR;
				GCC_WARN_UNDECLARED_SELECTOR = YES;
				GCC_WARN_UNINITIALIZED_AUTOS = YES_AGGRESSIVE;
				GCC_WARN_UNUSED_FUNCTION = YES;
				GCC_WARN_UNUSED_VARIABLE = YES;
				IPHONEOS_DEPLOYMENT_TARGET = 11.4;
				MTL_ENABLE_DEBUG_INFO = NO;
				SDKROOT = iphoneos;
				SWIFT_COMPILATION_MODE = wholemodule;
				SWIFT_OPTIMIZATION_LEVEL = "-O";
				VALIDATE_PRODUCT = YES;
			};
			name = Release;
		};
		7717AFF720F779F8008FFDD9 /* Debug */ = {
			isa = XCBuildConfiguration;
			buildSettings = {
				ASSETCATALOG_COMPILER_APPICON_NAME = AppIcon;
				CODE_SIGN_STYLE = Automatic;
				DEVELOPMENT_TEAM = B47TLHGVC4;
				INFOPLIST_FILE = UISeniorControl/Info.plist;
				IPHONEOS_DEPLOYMENT_TARGET = 11.4;
				LD_RUNPATH_SEARCH_PATHS = (
					"$(inherited)",
					"@executable_path/Frameworks",
				);
				PRODUCT_BUNDLE_IDENTIFIER = zbest.UISeniorControl;
				PRODUCT_NAME = "$(TARGET_NAME)";
				SWIFT_VERSION = 4.0;
				TARGETED_DEVICE_FAMILY = "1,2";
			};
			name = Debug;
		};
		7717AFF820F779F8008FFDD9 /* Release */ = {
			isa = XCBuildConfiguration;
			buildSettings = {
				ASSETCATALOG_COMPILER_APPICON_NAME = AppIcon;
				CODE_SIGN_STYLE = Automatic;
				DEVELOPMENT_TEAM = B47TLHGVC4;
				INFOPLIST_FILE = UISeniorControl/Info.plist;
				IPHONEOS_DEPLOYMENT_TARGET = 11.4;
				LD_RUNPATH_SEARCH_PATHS = (
					"$(inherited)",
					"@executable_path/Frameworks",
				);
				PRODUCT_BUNDLE_IDENTIFIER = zbest.UISeniorControl;
				PRODUCT_NAME = "$(TARGET_NAME)";
				SWIFT_VERSION = 4.0;
				TARGETED_DEVICE_FAMILY = "1,2";
			};
			name = Release;
		};
		7717AFFA20F779F8008FFDD9 /* Debug */ = {
			isa = XCBuildConfiguration;
			buildSettings = {
				ALWAYS_EMBED_SWIFT_STANDARD_LIBRARIES = YES;
				BUNDLE_LOADER = "$(TEST_HOST)";
				CODE_SIGN_STYLE = Automatic;
				DEVELOPMENT_TEAM = B47TLHGVC4;
				INFOPLIST_FILE = UISeniorControlTests/Info.plist;
				LD_RUNPATH_SEARCH_PATHS = (
					"$(inherited)",
					"@executable_path/Frameworks",
					"@loader_path/Frameworks",
				);
				PRODUCT_BUNDLE_IDENTIFIER = zbest.UISeniorControlTests;
				PRODUCT_NAME = "$(TARGET_NAME)";
				SWIFT_VERSION = 4.0;
				TARGETED_DEVICE_FAMILY = "1,2";
				TEST_HOST = "$(BUILT_PRODUCTS_DIR)/UISeniorControl.app/UISeniorControl";
			};
			name = Debug;
		};
		7717AFFB20F779F8008FFDD9 /* Release */ = {
			isa = XCBuildConfiguration;
			buildSettings = {
				ALWAYS_EMBED_SWIFT_STANDARD_LIBRARIES = YES;
				BUNDLE_LOADER = "$(TEST_HOST)";
				CODE_SIGN_STYLE = Automatic;
				DEVELOPMENT_TEAM = B47TLHGVC4;
				INFOPLIST_FILE = UISeniorControlTests/Info.plist;
				LD_RUNPATH_SEARCH_PATHS = (
					"$(inherited)",
					"@executable_path/Frameworks",
					"@loader_path/Frameworks",
				);
				PRODUCT_BUNDLE_IDENTIFIER = zbest.UISeniorControlTests;
				PRODUCT_NAME = "$(TARGET_NAME)";
				SWIFT_VERSION = 4.0;
				TARGETED_DEVICE_FAMILY = "1,2";
				TEST_HOST = "$(BUILT_PRODUCTS_DIR)/UISeniorControl.app/UISeniorControl";
			};
			name = Release;
		};
		7717AFFD20F779F8008FFDD9 /* Debug */ = {
			isa = XCBuildConfiguration;
			buildSettings = {
				ALWAYS_EMBED_SWIFT_STANDARD_LIBRARIES = YES;
				CODE_SIGN_STYLE = Automatic;
				DEVELOPMENT_TEAM = B47TLHGVC4;
				INFOPLIST_FILE = UISeniorControlUITests/Info.plist;
				LD_RUNPATH_SEARCH_PATHS = (
					"$(inherited)",
					"@executable_path/Frameworks",
					"@loader_path/Frameworks",
				);
				PRODUCT_BUNDLE_IDENTIFIER = zbest.UISeniorControlUITests;
				PRODUCT_NAME = "$(TARGET_NAME)";
				SWIFT_VERSION = 4.0;
				TARGETED_DEVICE_FAMILY = "1,2";
				TEST_TARGET_NAME = UISeniorControl;
			};
			name = Debug;
		};
		7717AFFE20F779F8008FFDD9 /* Release */ = {
			isa = XCBuildConfiguration;
			buildSettings = {
				ALWAYS_EMBED_SWIFT_STANDARD_LIBRARIES = YES;
				CODE_SIGN_STYLE = Automatic;
				DEVELOPMENT_TEAM = B47TLHGVC4;
				INFOPLIST_FILE = UISeniorControlUITests/Info.plist;
				LD_RUNPATH_SEARCH_PATHS = (
					"$(inherited)",
					"@executable_path/Frameworks",
					"@loader_path/Frameworks",
				);
				PRODUCT_BUNDLE_IDENTIFIER = zbest.UISeniorControlUITests;
				PRODUCT_NAME = "$(TARGET_NAME)";
				SWIFT_VERSION = 4.0;
				TARGETED_DEVICE_FAMILY = "1,2";
				TEST_TARGET_NAME = UISeniorControl;
			};
			name = Release;
		};
/* End XCBuildConfiguration section */

/* Begin XCConfigurationList section */
		7717AFC920F779F7008FFDD9 /* Build configuration list for PBXProject "UISeniorControl" */ = {
			isa = XCConfigurationList;
			buildConfigurations = (
				7717AFF420F779F8008FFDD9 /* Debug */,
				7717AFF520F779F8008FFDD9 /* Release */,
			);
			defaultConfigurationIsVisible = 0;
			defaultConfigurationName = Release;
		};
		7717AFF620F779F8008FFDD9 /* Build configuration list for PBXNativeTarget "UISeniorControl" */ = {
			isa = XCConfigurationList;
			buildConfigurations = (
				7717AFF720F779F8008FFDD9 /* Debug */,
				7717AFF820F779F8008FFDD9 /* Release */,
			);
			defaultConfigurationIsVisible = 0;
			defaultConfigurationName = Release;
		};
		7717AFF920F779F8008FFDD9 /* Build configuration list for PBXNativeTarget "UISeniorControlTests" */ = {
			isa = XCConfigurationList;
			buildConfigurations = (
				7717AFFA20F779F8008FFDD9 /* Debug */,
				7717AFFB20F779F8008FFDD9 /* Release */,
			);
			defaultConfigurationIsVisible = 0;
			defaultConfigurationName = Release;
		};
		7717AFFC20F779F8008FFDD9 /* Build configuration list for PBXNativeTarget "UISeniorControlUITests" */ = {
			isa = XCConfigurationList;
			buildConfigurations = (
				7717AFFD20F779F8008FFDD9 /* Debug */,
				7717AFFE20F779F8008FFDD9 /* Release */,
			);
			defaultConfigurationIsVisible = 0;
			defaultConfigurationName = Release;
		};
/* End XCConfigurationList section */
	};
	rootObject = 7717AFC620F779F7008FFDD9 /* Project object */;
}
